// !$*UTF8*$!
{
	archiveVersion = 1;
	classes = {
	};
	objectVersion = 46;
	objects = {

/* Begin PBXBuildFile section */
		0478752A17DF6B77004D083E /* main.cpp in Sources */ = {isa = PBXBuildFile; fileRef = 0478752917DF6B77004D083E /* main.cpp */; };
		0478752C17DF6B77004D083E /* GLFWTest.1 in CopyFiles */ = {isa = PBXBuildFile; fileRef = 0478752B17DF6B77004D083E /* GLFWTest.1 */; };
		0478753617DF6CE8004D083E /* Foundation.framework in Frameworks */ = {isa = PBXBuildFile; fileRef = 0478753517DF6CE8004D083E /* Foundation.framework */; };
		0478753A17DF6D1D004D083E /* ApplicationServices.framework in Frameworks */ = {isa = PBXBuildFile; fileRef = 0478753917DF6D1D004D083E /* ApplicationServices.framework */; };
		0478753C17DF6D88004D083E /* AppKit.framework in Frameworks */ = {isa = PBXBuildFile; fileRef = 0478753B17DF6D88004D083E /* AppKit.framework */; };
		0478754217DF6DB1004D083E /* IOKit.framework in Frameworks */ = {isa = PBXBuildFile; fileRef = 0478754117DF6DB1004D083E /* IOKit.framework */; };
		0478754317DF6DEE004D083E /* GLUT.framework in Frameworks */ = {isa = PBXBuildFile; fileRef = 0478753F17DF6D9B004D083E /* GLUT.framework */; };
		0478754417DF6DF5004D083E /* GLKit.framework in Frameworks */ = {isa = PBXBuildFile; fileRef = 0478753D17DF6D96004D083E /* GLKit.framework */; };
		0478754617DF6DFC004D083E /* OpenGL.framework in Frameworks */ = {isa = PBXBuildFile; fileRef = 0478754517DF6DFC004D083E /* OpenGL.framework */; };
		0478754C17DF8ACD004D083E /* shader.v.glsl in CopyFiles */ = {isa = PBXBuildFile; fileRef = 0478754917DF8973004D083E /* shader.v.glsl */; };
		0478754D17DF8ACF004D083E /* shader.f.glsl in CopyFiles */ = {isa = PBXBuildFile; fileRef = 0478754A17DF8A78004D083E /* shader.f.glsl */; };
		0478754F17DFE540004D083E /* libGLEW.a in Frameworks */ = {isa = PBXBuildFile; fileRef = 0478754E17DFE540004D083E /* libGLEW.a */; };
		04C6C66E17E0AC9D00592AE9 /* libglfw3.a in Frameworks */ = {isa = PBXBuildFile; fileRef = 04C6C66D17E0AC8900592AE9 /* libglfw3.a */; };
/* End PBXBuildFile section */

/* Begin PBXCopyFilesBuildPhase section */
		0478752417DF6B77004D083E /* CopyFiles */ = {
			isa = PBXCopyFilesBuildPhase;
			buildActionMask = 2147483647;
			dstPath = /usr/share/man/man1/;
			dstSubfolderSpec = 0;
			files = (
				0478752C17DF6B77004D083E /* GLFWTest.1 in CopyFiles */,
			);
			runOnlyForDeploymentPostprocessing = 1;
		};
		0478754B17DF8AC7004D083E /* CopyFiles */ = {
			isa = PBXCopyFilesBuildPhase;
			buildActionMask = 2147483647;
			dstPath = "";
			dstSubfolderSpec = 16;
			files = (
				0478754C17DF8ACD004D083E /* shader.v.glsl in CopyFiles */,
				0478754D17DF8ACF004D083E /* shader.f.glsl in CopyFiles */,
			);
			runOnlyForDeploymentPostprocessing = 0;
		};
/* End PBXCopyFilesBuildPhase section */

/* Begin PBXFileReference section */
		045B310E17E0212E005BC291 /* CMakeLists.txt */ = {isa = PBXFileReference; lastKnownFileType = text; path = CMakeLists.txt; sourceTree = "<group>"; };
		045B311017E0212E005BC291 /* _detail.hpp */ = {isa = PBXFileReference; lastKnownFileType = sourcecode.cpp.h; path = _detail.hpp; sourceTree = "<group>"; };
		045B311117E0212E005BC291 /* _fixes.hpp */ = {isa = PBXFileReference; lastKnownFileType = sourcecode.cpp.h; path = _fixes.hpp; sourceTree = "<group>"; };
		045B311217E0212E005BC291 /* _swizzle.hpp */ = {isa = PBXFileReference; lastKnownFileType = sourcecode.cpp.h; path = _swizzle.hpp; sourceTree = "<group>"; };
		045B311317E0212E005BC291 /* _swizzle_func.hpp */ = {isa = PBXFileReference; lastKnownFileType = sourcecode.cpp.h; path = _swizzle_func.hpp; sourceTree = "<group>"; };
		045B311417E0212E005BC291 /* _vectorize.hpp */ = {isa = PBXFileReference; lastKnownFileType = sourcecode.cpp.h; path = _vectorize.hpp; sourceTree = "<group>"; };
		045B311517E0212E005BC291 /* dummy.cpp */ = {isa = PBXFileReference; lastKnownFileType = sourcecode.cpp.cpp; path = dummy.cpp; sourceTree = "<group>"; };
		045B311617E0212E005BC291 /* func_common.hpp */ = {isa = PBXFileReference; lastKnownFileType = sourcecode.cpp.h; path = func_common.hpp; sourceTree = "<group>"; };
		045B311717E0212E005BC291 /* func_common.inl */ = {isa = PBXFileReference; lastKnownFileType = text; path = func_common.inl; sourceTree = "<group>"; };
		045B311817E0212E005BC291 /* func_exponential.hpp */ = {isa = PBXFileReference; lastKnownFileType = sourcecode.cpp.h; path = func_exponential.hpp; sourceTree = "<group>"; };
		045B311917E0212E005BC291 /* func_exponential.inl */ = {isa = PBXFileReference; lastKnownFileType = text; path = func_exponential.inl; sourceTree = "<group>"; };
		045B311A17E0212E005BC291 /* func_geometric.hpp */ = {isa = PBXFileReference; lastKnownFileType = sourcecode.cpp.h; path = func_geometric.hpp; sourceTree = "<group>"; };
		045B311B17E0212E005BC291 /* func_geometric.inl */ = {isa = PBXFileReference; lastKnownFileType = text; path = func_geometric.inl; sourceTree = "<group>"; };
		045B311C17E0212E005BC291 /* func_integer.hpp */ = {isa = PBXFileReference; lastKnownFileType = sourcecode.cpp.h; path = func_integer.hpp; sourceTree = "<group>"; };
		045B311D17E0212E005BC291 /* func_integer.inl */ = {isa = PBXFileReference; lastKnownFileType = text; path = func_integer.inl; sourceTree = "<group>"; };
		045B311E17E0212E005BC291 /* func_matrix.hpp */ = {isa = PBXFileReference; lastKnownFileType = sourcecode.cpp.h; path = func_matrix.hpp; sourceTree = "<group>"; };
		045B311F17E0212E005BC291 /* func_matrix.inl */ = {isa = PBXFileReference; lastKnownFileType = text; path = func_matrix.inl; sourceTree = "<group>"; };
		045B312017E0212E005BC291 /* func_noise.hpp */ = {isa = PBXFileReference; lastKnownFileType = sourcecode.cpp.h; path = func_noise.hpp; sourceTree = "<group>"; };
		045B312117E0212E005BC291 /* func_noise.inl */ = {isa = PBXFileReference; lastKnownFileType = text; path = func_noise.inl; sourceTree = "<group>"; };
		045B312217E0212E005BC291 /* func_packing.hpp */ = {isa = PBXFileReference; lastKnownFileType = sourcecode.cpp.h; path = func_packing.hpp; sourceTree = "<group>"; };
		045B312317E0212E005BC291 /* func_packing.inl */ = {isa = PBXFileReference; lastKnownFileType = text; path = func_packing.inl; sourceTree = "<group>"; };
		045B312417E0212E005BC291 /* func_trigonometric.hpp */ = {isa = PBXFileReference; lastKnownFileType = sourcecode.cpp.h; path = func_trigonometric.hpp; sourceTree = "<group>"; };
		045B312517E0212E005BC291 /* func_trigonometric.inl */ = {isa = PBXFileReference; lastKnownFileType = text; path = func_trigonometric.inl; sourceTree = "<group>"; };
		045B312617E0212E005BC291 /* func_vector_relational.hpp */ = {isa = PBXFileReference; lastKnownFileType = sourcecode.cpp.h; path = func_vector_relational.hpp; sourceTree = "<group>"; };
		045B312717E0212E005BC291 /* func_vector_relational.inl */ = {isa = PBXFileReference; lastKnownFileType = text; path = func_vector_relational.inl; sourceTree = "<group>"; };
		045B312817E0212E005BC291 /* hint.hpp */ = {isa = PBXFileReference; lastKnownFileType = sourcecode.cpp.h; path = hint.hpp; sourceTree = "<group>"; };
		045B312917E0212E005BC291 /* intrinsic_common.hpp */ = {isa = PBXFileReference; lastKnownFileType = sourcecode.cpp.h; path = intrinsic_common.hpp; sourceTree = "<group>"; };
		045B312A17E0212E005BC291 /* intrinsic_common.inl */ = {isa = PBXFileReference; lastKnownFileType = text; path = intrinsic_common.inl; sourceTree = "<group>"; };
		045B312B17E0212E005BC291 /* intrinsic_exponential.hpp */ = {isa = PBXFileReference; lastKnownFileType = sourcecode.cpp.h; path = intrinsic_exponential.hpp; sourceTree = "<group>"; };
		045B312C17E0212E005BC291 /* intrinsic_exponential.inl */ = {isa = PBXFileReference; lastKnownFileType = text; path = intrinsic_exponential.inl; sourceTree = "<group>"; };
		045B312D17E0212E005BC291 /* intrinsic_geometric.hpp */ = {isa = PBXFileReference; lastKnownFileType = sourcecode.cpp.h; path = intrinsic_geometric.hpp; sourceTree = "<group>"; };
		045B312E17E0212E005BC291 /* intrinsic_geometric.inl */ = {isa = PBXFileReference; lastKnownFileType = text; path = intrinsic_geometric.inl; sourceTree = "<group>"; };
		045B312F17E0212E005BC291 /* intrinsic_matrix.hpp */ = {isa = PBXFileReference; lastKnownFileType = sourcecode.cpp.h; path = intrinsic_matrix.hpp; sourceTree = "<group>"; };
		045B313017E0212E005BC291 /* intrinsic_matrix.inl */ = {isa = PBXFileReference; lastKnownFileType = text; path = intrinsic_matrix.inl; sourceTree = "<group>"; };
		045B313117E0212E005BC291 /* intrinsic_trigonometric.hpp */ = {isa = PBXFileReference; lastKnownFileType = sourcecode.cpp.h; path = intrinsic_trigonometric.hpp; sourceTree = "<group>"; };
		045B313217E0212E005BC291 /* intrinsic_trigonometric.inl */ = {isa = PBXFileReference; lastKnownFileType = text; path = intrinsic_trigonometric.inl; sourceTree = "<group>"; };
		045B313317E0212E005BC291 /* intrinsic_vector_relational.hpp */ = {isa = PBXFileReference; lastKnownFileType = sourcecode.cpp.h; path = intrinsic_vector_relational.hpp; sourceTree = "<group>"; };
		045B313417E0212E005BC291 /* intrinsic_vector_relational.inl */ = {isa = PBXFileReference; lastKnownFileType = text; path = intrinsic_vector_relational.inl; sourceTree = "<group>"; };
		045B313517E0212E005BC291 /* setup.hpp */ = {isa = PBXFileReference; lastKnownFileType = sourcecode.cpp.h; path = setup.hpp; sourceTree = "<group>"; };
		045B313617E0212E005BC291 /* type.hpp */ = {isa = PBXFileReference; lastKnownFileType = sourcecode.cpp.h; path = type.hpp; sourceTree = "<group>"; };
		045B313717E0212E005BC291 /* type_float.hpp */ = {isa = PBXFileReference; lastKnownFileType = sourcecode.cpp.h; path = type_float.hpp; sourceTree = "<group>"; };
		045B313817E0212E005BC291 /* type_gentype.hpp */ = {isa = PBXFileReference; lastKnownFileType = sourcecode.cpp.h; path = type_gentype.hpp; sourceTree = "<group>"; };
		045B313917E0212E005BC291 /* type_gentype.inl */ = {isa = PBXFileReference; lastKnownFileType = text; path = type_gentype.inl; sourceTree = "<group>"; };
		045B313A17E0212E005BC291 /* type_half.hpp */ = {isa = PBXFileReference; lastKnownFileType = sourcecode.cpp.h; path = type_half.hpp; sourceTree = "<group>"; };
		045B313B17E0212E005BC291 /* type_half.inl */ = {isa = PBXFileReference; lastKnownFileType = text; path = type_half.inl; sourceTree = "<group>"; };
		045B313C17E0212E005BC291 /* type_int.hpp */ = {isa = PBXFileReference; lastKnownFileType = sourcecode.cpp.h; path = type_int.hpp; sourceTree = "<group>"; };
		045B313D17E0212E005BC291 /* type_mat.hpp */ = {isa = PBXFileReference; lastKnownFileType = sourcecode.cpp.h; path = type_mat.hpp; sourceTree = "<group>"; };
		045B313E17E0212E005BC291 /* type_mat.inl */ = {isa = PBXFileReference; lastKnownFileType = text; path = type_mat.inl; sourceTree = "<group>"; };
		045B313F17E0212E005BC291 /* type_mat2x2.hpp */ = {isa = PBXFileReference; lastKnownFileType = sourcecode.cpp.h; path = type_mat2x2.hpp; sourceTree = "<group>"; };
		045B314017E0212E005BC291 /* type_mat2x2.inl */ = {isa = PBXFileReference; lastKnownFileType = text; path = type_mat2x2.inl; sourceTree = "<group>"; };
		045B314117E0212E005BC291 /* type_mat2x3.hpp */ = {isa = PBXFileReference; lastKnownFileType = sourcecode.cpp.h; path = type_mat2x3.hpp; sourceTree = "<group>"; };
		045B314217E0212E005BC291 /* type_mat2x3.inl */ = {isa = PBXFileReference; lastKnownFileType = text; path = type_mat2x3.inl; sourceTree = "<group>"; };
		045B314317E0212E005BC291 /* type_mat2x4.hpp */ = {isa = PBXFileReference; lastKnownFileType = sourcecode.cpp.h; path = type_mat2x4.hpp; sourceTree = "<group>"; };
		045B314417E0212E005BC291 /* type_mat2x4.inl */ = {isa = PBXFileReference; lastKnownFileType = text; path = type_mat2x4.inl; sourceTree = "<group>"; };
		045B314517E0212E005BC291 /* type_mat3x2.hpp */ = {isa = PBXFileReference; lastKnownFileType = sourcecode.cpp.h; path = type_mat3x2.hpp; sourceTree = "<group>"; };
		045B314617E0212E005BC291 /* type_mat3x2.inl */ = {isa = PBXFileReference; lastKnownFileType = text; path = type_mat3x2.inl; sourceTree = "<group>"; };
		045B314717E0212E005BC291 /* type_mat3x3.hpp */ = {isa = PBXFileReference; lastKnownFileType = sourcecode.cpp.h; path = type_mat3x3.hpp; sourceTree = "<group>"; };
		045B314817E0212E005BC291 /* type_mat3x3.inl */ = {isa = PBXFileReference; lastKnownFileType = text; path = type_mat3x3.inl; sourceTree = "<group>"; };
		045B314917E0212E005BC291 /* type_mat3x4.hpp */ = {isa = PBXFileReference; lastKnownFileType = sourcecode.cpp.h; path = type_mat3x4.hpp; sourceTree = "<group>"; };
		045B314A17E0212E005BC291 /* type_mat3x4.inl */ = {isa = PBXFileReference; lastKnownFileType = text; path = type_mat3x4.inl; sourceTree = "<group>"; };
		045B314B17E0212E005BC291 /* type_mat4x2.hpp */ = {isa = PBXFileReference; lastKnownFileType = sourcecode.cpp.h; path = type_mat4x2.hpp; sourceTree = "<group>"; };
		045B314C17E0212E005BC291 /* type_mat4x2.inl */ = {isa = PBXFileReference; lastKnownFileType = text; path = type_mat4x2.inl; sourceTree = "<group>"; };
		045B314D17E0212E005BC291 /* type_mat4x3.hpp */ = {isa = PBXFileReference; lastKnownFileType = sourcecode.cpp.h; path = type_mat4x3.hpp; sourceTree = "<group>"; };
		045B314E17E0212E005BC291 /* type_mat4x3.inl */ = {isa = PBXFileReference; lastKnownFileType = text; path = type_mat4x3.inl; sourceTree = "<group>"; };
		045B314F17E0212E005BC291 /* type_mat4x4.hpp */ = {isa = PBXFileReference; lastKnownFileType = sourcecode.cpp.h; path = type_mat4x4.hpp; sourceTree = "<group>"; };
		045B315017E0212E005BC291 /* type_mat4x4.inl */ = {isa = PBXFileReference; lastKnownFileType = text; path = type_mat4x4.inl; sourceTree = "<group>"; };
		045B315117E0212E005BC291 /* type_size.hpp */ = {isa = PBXFileReference; lastKnownFileType = sourcecode.cpp.h; path = type_size.hpp; sourceTree = "<group>"; };
		045B315217E0212E005BC291 /* type_vec.hpp */ = {isa = PBXFileReference; lastKnownFileType = sourcecode.cpp.h; path = type_vec.hpp; sourceTree = "<group>"; };
		045B315317E0212E005BC291 /* type_vec.inl */ = {isa = PBXFileReference; lastKnownFileType = text; path = type_vec.inl; sourceTree = "<group>"; };
		045B315417E0212E005BC291 /* type_vec1.hpp */ = {isa = PBXFileReference; lastKnownFileType = sourcecode.cpp.h; path = type_vec1.hpp; sourceTree = "<group>"; };
		045B315517E0212E005BC291 /* type_vec1.inl */ = {isa = PBXFileReference; lastKnownFileType = text; path = type_vec1.inl; sourceTree = "<group>"; };
		045B315617E0212E005BC291 /* type_vec2.hpp */ = {isa = PBXFileReference; lastKnownFileType = sourcecode.cpp.h; path = type_vec2.hpp; sourceTree = "<group>"; };
		045B315717E0212E005BC291 /* type_vec2.inl */ = {isa = PBXFileReference; lastKnownFileType = text; path = type_vec2.inl; sourceTree = "<group>"; };
		045B315817E0212E005BC291 /* type_vec3.hpp */ = {isa = PBXFileReference; lastKnownFileType = sourcecode.cpp.h; path = type_vec3.hpp; sourceTree = "<group>"; };
		045B315917E0212E005BC291 /* type_vec3.inl */ = {isa = PBXFileReference; lastKnownFileType = text; path = type_vec3.inl; sourceTree = "<group>"; };
		045B315A17E0212E005BC291 /* type_vec4.hpp */ = {isa = PBXFileReference; lastKnownFileType = sourcecode.cpp.h; path = type_vec4.hpp; sourceTree = "<group>"; };
		045B315B17E0212E005BC291 /* type_vec4.inl */ = {isa = PBXFileReference; lastKnownFileType = text; path = type_vec4.inl; sourceTree = "<group>"; };
		045B315C17E0212E005BC291 /* ext.hpp */ = {isa = PBXFileReference; lastKnownFileType = sourcecode.cpp.h; path = ext.hpp; sourceTree = "<group>"; };
		045B315D17E0212E005BC291 /* glm.hpp */ = {isa = PBXFileReference; lastKnownFileType = sourcecode.cpp.h; path = glm.hpp; sourceTree = "<group>"; };
		045B315F17E0212E005BC291 /* constants.hpp */ = {isa = PBXFileReference; lastKnownFileType = sourcecode.cpp.h; path = constants.hpp; sourceTree = "<group>"; };
		045B316017E0212E005BC291 /* constants.inl */ = {isa = PBXFileReference; lastKnownFileType = text; path = constants.inl; sourceTree = "<group>"; };
		045B316117E0212E005BC291 /* epsilon.hpp */ = {isa = PBXFileReference; lastKnownFileType = sourcecode.cpp.h; path = epsilon.hpp; sourceTree = "<group>"; };
		045B316217E0212E005BC291 /* epsilon.inl */ = {isa = PBXFileReference; lastKnownFileType = text; path = epsilon.inl; sourceTree = "<group>"; };
		045B316317E0212E005BC291 /* half_float.hpp */ = {isa = PBXFileReference; lastKnownFileType = sourcecode.cpp.h; path = half_float.hpp; sourceTree = "<group>"; };
		045B316417E0212E005BC291 /* half_float.inl */ = {isa = PBXFileReference; lastKnownFileType = text; path = half_float.inl; sourceTree = "<group>"; };
		045B316517E0212E005BC291 /* matrix_access.hpp */ = {isa = PBXFileReference; lastKnownFileType = sourcecode.cpp.h; path = matrix_access.hpp; sourceTree = "<group>"; };
		045B316617E0212E005BC291 /* matrix_access.inl */ = {isa = PBXFileReference; lastKnownFileType = text; path = matrix_access.inl; sourceTree = "<group>"; };
		045B316717E0212E005BC291 /* matrix_integer.hpp */ = {isa = PBXFileReference; lastKnownFileType = sourcecode.cpp.h; path = matrix_integer.hpp; sourceTree = "<group>"; };
		045B316817E0212E005BC291 /* matrix_inverse.hpp */ = {isa = PBXFileReference; lastKnownFileType = sourcecode.cpp.h; path = matrix_inverse.hpp; sourceTree = "<group>"; };
		045B316917E0212E005BC291 /* matrix_inverse.inl */ = {isa = PBXFileReference; lastKnownFileType = text; path = matrix_inverse.inl; sourceTree = "<group>"; };
		045B316A17E0212E005BC291 /* matrix_transform.hpp */ = {isa = PBXFileReference; lastKnownFileType = sourcecode.cpp.h; path = matrix_transform.hpp; sourceTree = "<group>"; };
		045B316B17E0212E005BC291 /* matrix_transform.inl */ = {isa = PBXFileReference; lastKnownFileType = text; path = matrix_transform.inl; sourceTree = "<group>"; };
		045B316C17E0212E005BC291 /* noise.hpp */ = {isa = PBXFileReference; lastKnownFileType = sourcecode.cpp.h; path = noise.hpp; sourceTree = "<group>"; };
		045B316D17E0212E005BC291 /* noise.inl */ = {isa = PBXFileReference; lastKnownFileType = text; path = noise.inl; sourceTree = "<group>"; };
		045B316E17E0212E005BC291 /* quaternion.hpp */ = {isa = PBXFileReference; lastKnownFileType = sourcecode.cpp.h; path = quaternion.hpp; sourceTree = "<group>"; };
		045B316F17E0212E005BC291 /* quaternion.inl */ = {isa = PBXFileReference; lastKnownFileType = text; path = quaternion.inl; sourceTree = "<group>"; };
		045B317017E0212E005BC291 /* random.hpp */ = {isa = PBXFileReference; lastKnownFileType = sourcecode.cpp.h; path = random.hpp; sourceTree = "<group>"; };
		045B317117E0212E005BC291 /* random.inl */ = {isa = PBXFileReference; lastKnownFileType = text; path = random.inl; sourceTree = "<group>"; };
		045B317217E0212E005BC291 /* reciprocal.hpp */ = {isa = PBXFileReference; lastKnownFileType = sourcecode.cpp.h; path = reciprocal.hpp; sourceTree = "<group>"; };
		045B317317E0212E005BC291 /* reciprocal.inl */ = {isa = PBXFileReference; lastKnownFileType = text; path = reciprocal.inl; sourceTree = "<group>"; };
		045B317417E0212E005BC291 /* swizzle.hpp */ = {isa = PBXFileReference; lastKnownFileType = sourcecode.cpp.h; path = swizzle.hpp; sourceTree = "<group>"; };
		045B317517E0212E005BC291 /* swizzle.inl */ = {isa = PBXFileReference; lastKnownFileType = text; path = swizzle.inl; sourceTree = "<group>"; };
		045B317617E0212E005BC291 /* type_precision.hpp */ = {isa = PBXFileReference; lastKnownFileType = sourcecode.cpp.h; path = type_precision.hpp; sourceTree = "<group>"; };
		045B317717E0212E005BC291 /* type_precision.inl */ = {isa = PBXFileReference; lastKnownFileType = text; path = type_precision.inl; sourceTree = "<group>"; };
		045B317817E0212E005BC291 /* type_ptr.hpp */ = {isa = PBXFileReference; lastKnownFileType = sourcecode.cpp.h; path = type_ptr.hpp; sourceTree = "<group>"; };
		045B317917E0212E005BC291 /* type_ptr.inl */ = {isa = PBXFileReference; lastKnownFileType = text; path = type_ptr.inl; sourceTree = "<group>"; };
		045B317A17E0212E005BC291 /* ulp.hpp */ = {isa = PBXFileReference; lastKnownFileType = sourcecode.cpp.h; path = ulp.hpp; sourceTree = "<group>"; };
		045B317B17E0212E005BC291 /* ulp.inl */ = {isa = PBXFileReference; lastKnownFileType = text; path = ulp.inl; sourceTree = "<group>"; };
		045B317D17E0212E005BC291 /* associated_min_max.hpp */ = {isa = PBXFileReference; lastKnownFileType = sourcecode.cpp.h; path = associated_min_max.hpp; sourceTree = "<group>"; };
		045B317E17E0212E005BC291 /* associated_min_max.inl */ = {isa = PBXFileReference; lastKnownFileType = text; path = associated_min_max.inl; sourceTree = "<group>"; };
		045B317F17E0212E005BC291 /* bit.hpp */ = {isa = PBXFileReference; lastKnownFileType = sourcecode.cpp.h; path = bit.hpp; sourceTree = "<group>"; };
		045B318017E0212E005BC291 /* bit.inl */ = {isa = PBXFileReference; lastKnownFileType = text; path = bit.inl; sourceTree = "<group>"; };
		045B318117E0212E005BC291 /* closest_point.hpp */ = {isa = PBXFileReference; lastKnownFileType = sourcecode.cpp.h; path = closest_point.hpp; sourceTree = "<group>"; };
		045B318217E0212E005BC291 /* closest_point.inl */ = {isa = PBXFileReference; lastKnownFileType = text; path = closest_point.inl; sourceTree = "<group>"; };
		045B318317E0212E005BC291 /* color_cast.hpp */ = {isa = PBXFileReference; lastKnownFileType = sourcecode.cpp.h; path = color_cast.hpp; sourceTree = "<group>"; };
		045B318417E0212E005BC291 /* color_cast.inl */ = {isa = PBXFileReference; lastKnownFileType = text; path = color_cast.inl; sourceTree = "<group>"; };
		045B318517E0212E005BC291 /* color_space.hpp */ = {isa = PBXFileReference; lastKnownFileType = sourcecode.cpp.h; path = color_space.hpp; sourceTree = "<group>"; };
		045B318617E0212E005BC291 /* color_space.inl */ = {isa = PBXFileReference; lastKnownFileType = text; path = color_space.inl; sourceTree = "<group>"; };
		045B318717E0212E005BC291 /* color_space_YCoCg.hpp */ = {isa = PBXFileReference; lastKnownFileType = sourcecode.cpp.h; path = color_space_YCoCg.hpp; sourceTree = "<group>"; };
		045B318817E0212E005BC291 /* color_space_YCoCg.inl */ = {isa = PBXFileReference; lastKnownFileType = text; path = color_space_YCoCg.inl; sourceTree = "<group>"; };
		045B318917E0212E005BC291 /* compatibility.hpp */ = {isa = PBXFileReference; lastKnownFileType = sourcecode.cpp.h; path = compatibility.hpp; sourceTree = "<group>"; };
		045B318A17E0212E005BC291 /* compatibility.inl */ = {isa = PBXFileReference; lastKnownFileType = text; path = compatibility.inl; sourceTree = "<group>"; };
		045B318B17E0212E005BC291 /* component_wise.hpp */ = {isa = PBXFileReference; lastKnownFileType = sourcecode.cpp.h; path = component_wise.hpp; sourceTree = "<group>"; };
		045B318C17E0212E005BC291 /* component_wise.inl */ = {isa = PBXFileReference; lastKnownFileType = text; path = component_wise.inl; sourceTree = "<group>"; };
		045B318D17E0212E005BC291 /* constants.hpp */ = {isa = PBXFileReference; lastKnownFileType = sourcecode.cpp.h; path = constants.hpp; sourceTree = "<group>"; };
		045B318E17E0212E005BC291 /* epsilon.hpp */ = {isa = PBXFileReference; lastKnownFileType = sourcecode.cpp.h; path = epsilon.hpp; sourceTree = "<group>"; };
		045B318F17E0212E005BC291 /* euler_angles.hpp */ = {isa = PBXFileReference; lastKnownFileType = sourcecode.cpp.h; path = euler_angles.hpp; sourceTree = "<group>"; };
		045B319017E0212E005BC291 /* euler_angles.inl */ = {isa = PBXFileReference; lastKnownFileType = text; path = euler_angles.inl; sourceTree = "<group>"; };
		045B319117E0212E005BC291 /* extend.hpp */ = {isa = PBXFileReference; lastKnownFileType = sourcecode.cpp.h; path = extend.hpp; sourceTree = "<group>"; };
		045B319217E0212E005BC291 /* extend.inl */ = {isa = PBXFileReference; lastKnownFileType = text; path = extend.inl; sourceTree = "<group>"; };
		045B319317E0212E005BC291 /* extented_min_max.hpp */ = {isa = PBXFileReference; lastKnownFileType = sourcecode.cpp.h; path = extented_min_max.hpp; sourceTree = "<group>"; };
		045B319417E0212E005BC291 /* extented_min_max.inl */ = {isa = PBXFileReference; lastKnownFileType = text; path = extented_min_max.inl; sourceTree = "<group>"; };
		045B319517E0212E005BC291 /* fast_exponential.hpp */ = {isa = PBXFileReference; lastKnownFileType = sourcecode.cpp.h; path = fast_exponential.hpp; sourceTree = "<group>"; };
		045B319617E0212E005BC291 /* fast_exponential.inl */ = {isa = PBXFileReference; lastKnownFileType = text; path = fast_exponential.inl; sourceTree = "<group>"; };
		045B319717E0212E005BC291 /* fast_square_root.hpp */ = {isa = PBXFileReference; lastKnownFileType = sourcecode.cpp.h; path = fast_square_root.hpp; sourceTree = "<group>"; };
		045B319817E0212E005BC291 /* fast_square_root.inl */ = {isa = PBXFileReference; lastKnownFileType = text; path = fast_square_root.inl; sourceTree = "<group>"; };
		045B319917E0212E005BC291 /* fast_trigonometry.hpp */ = {isa = PBXFileReference; lastKnownFileType = sourcecode.cpp.h; path = fast_trigonometry.hpp; sourceTree = "<group>"; };
		045B319A17E0212E005BC291 /* fast_trigonometry.inl */ = {isa = PBXFileReference; lastKnownFileType = text; path = fast_trigonometry.inl; sourceTree = "<group>"; };
		045B319B17E0212E005BC291 /* gradient_paint.hpp */ = {isa = PBXFileReference; lastKnownFileType = sourcecode.cpp.h; path = gradient_paint.hpp; sourceTree = "<group>"; };
		045B319C17E0212E005BC291 /* gradient_paint.inl */ = {isa = PBXFileReference; lastKnownFileType = text; path = gradient_paint.inl; sourceTree = "<group>"; };
		045B319D17E0212E005BC291 /* handed_coordinate_space.hpp */ = {isa = PBXFileReference; lastKnownFileType = sourcecode.cpp.h; path = handed_coordinate_space.hpp; sourceTree = "<group>"; };
		045B319E17E0212E005BC291 /* handed_coordinate_space.inl */ = {isa = PBXFileReference; lastKnownFileType = text; path = handed_coordinate_space.inl; sourceTree = "<group>"; };
		045B319F17E0212E005BC291 /* inertia.hpp */ = {isa = PBXFileReference; lastKnownFileType = sourcecode.cpp.h; path = inertia.hpp; sourceTree = "<group>"; };
		045B31A017E0212E005BC291 /* inertia.inl */ = {isa = PBXFileReference; lastKnownFileType = text; path = inertia.inl; sourceTree = "<group>"; };
		045B31A117E0212E005BC291 /* int_10_10_10_2.hpp */ = {isa = PBXFileReference; lastKnownFileType = sourcecode.cpp.h; path = int_10_10_10_2.hpp; sourceTree = "<group>"; };
		045B31A217E0212E005BC291 /* int_10_10_10_2.inl */ = {isa = PBXFileReference; lastKnownFileType = text; path = int_10_10_10_2.inl; sourceTree = "<group>"; };
		045B31A317E0212E005BC291 /* integer.hpp */ = {isa = PBXFileReference; lastKnownFileType = sourcecode.cpp.h; path = integer.hpp; sourceTree = "<group>"; };
		045B31A417E0212E005BC291 /* integer.inl */ = {isa = PBXFileReference; lastKnownFileType = text; path = integer.inl; sourceTree = "<group>"; };
		045B31A517E0212E005BC291 /* intersect.hpp */ = {isa = PBXFileReference; lastKnownFileType = sourcecode.cpp.h; path = intersect.hpp; sourceTree = "<group>"; };
		045B31A617E0212E005BC291 /* intersect.inl */ = {isa = PBXFileReference; lastKnownFileType = text; path = intersect.inl; sourceTree = "<group>"; };
		045B31A717E0212E005BC291 /* log_base.hpp */ = {isa = PBXFileReference; lastKnownFileType = sourcecode.cpp.h; path = log_base.hpp; sourceTree = "<group>"; };
		045B31A817E0212E005BC291 /* log_base.inl */ = {isa = PBXFileReference; lastKnownFileType = text; path = log_base.inl; sourceTree = "<group>"; };
		045B31A917E0212E005BC291 /* matrix_cross_product.hpp */ = {isa = PBXFileReference; lastKnownFileType = sourcecode.cpp.h; path = matrix_cross_product.hpp; sourceTree = "<group>"; };
		045B31AA17E0212E005BC291 /* matrix_cross_product.inl */ = {isa = PBXFileReference; lastKnownFileType = text; path = matrix_cross_product.inl; sourceTree = "<group>"; };
		045B31AB17E0212E005BC291 /* matrix_interpolation.hpp */ = {isa = PBXFileReference; lastKnownFileType = sourcecode.cpp.h; path = matrix_interpolation.hpp; sourceTree = "<group>"; };
		045B31AC17E0212E005BC291 /* matrix_interpolation.inl */ = {isa = PBXFileReference; lastKnownFileType = text; path = matrix_interpolation.inl; sourceTree = "<group>"; };
		045B31AD17E0212E005BC291 /* matrix_major_storage.hpp */ = {isa = PBXFileReference; lastKnownFileType = sourcecode.cpp.h; path = matrix_major_storage.hpp; sourceTree = "<group>"; };
		045B31AE17E0212E005BC291 /* matrix_major_storage.inl */ = {isa = PBXFileReference; lastKnownFileType = text; path = matrix_major_storage.inl; sourceTree = "<group>"; };
		045B31AF17E0212E005BC291 /* matrix_operation.hpp */ = {isa = PBXFileReference; lastKnownFileType = sourcecode.cpp.h; path = matrix_operation.hpp; sourceTree = "<group>"; };
		045B31B017E0212E005BC291 /* matrix_operation.inl */ = {isa = PBXFileReference; lastKnownFileType = text; path = matrix_operation.inl; sourceTree = "<group>"; };
		045B31B117E0212E005BC291 /* matrix_query.hpp */ = {isa = PBXFileReference; lastKnownFileType = sourcecode.cpp.h; path = matrix_query.hpp; sourceTree = "<group>"; };
		045B31B217E0212E005BC291 /* matrix_query.inl */ = {isa = PBXFileReference; lastKnownFileType = text; path = matrix_query.inl; sourceTree = "<group>"; };
		045B31B317E0212E005BC291 /* mixed_product.hpp */ = {isa = PBXFileReference; lastKnownFileType = sourcecode.cpp.h; path = mixed_product.hpp; sourceTree = "<group>"; };
		045B31B417E0212E005BC291 /* mixed_product.inl */ = {isa = PBXFileReference; lastKnownFileType = text; path = mixed_product.inl; sourceTree = "<group>"; };
		045B31B517E0212E005BC291 /* multiple.hpp */ = {isa = PBXFileReference; lastKnownFileType = sourcecode.cpp.h; path = multiple.hpp; sourceTree = "<group>"; };
		045B31B617E0212E005BC291 /* multiple.inl */ = {isa = PBXFileReference; lastKnownFileType = text; path = multiple.inl; sourceTree = "<group>"; };
		045B31B717E0212E005BC291 /* noise.hpp */ = {isa = PBXFileReference; lastKnownFileType = sourcecode.cpp.h; path = noise.hpp; sourceTree = "<group>"; };
		045B31B817E0212E005BC291 /* norm.hpp */ = {isa = PBXFileReference; lastKnownFileType = sourcecode.cpp.h; path = norm.hpp; sourceTree = "<group>"; };
		045B31B917E0212E005BC291 /* norm.inl */ = {isa = PBXFileReference; lastKnownFileType = text; path = norm.inl; sourceTree = "<group>"; };
		045B31BA17E0212E005BC291 /* normal.hpp */ = {isa = PBXFileReference; lastKnownFileType = sourcecode.cpp.h; path = normal.hpp; sourceTree = "<group>"; };
		045B31BB17E0212E005BC291 /* normal.inl */ = {isa = PBXFileReference; lastKnownFileType = text; path = normal.inl; sourceTree = "<group>"; };
		045B31BC17E0212E005BC291 /* normalize_dot.hpp */ = {isa = PBXFileReference; lastKnownFileType = sourcecode.cpp.h; path = normalize_dot.hpp; sourceTree = "<group>"; };
		045B31BD17E0212E005BC291 /* normalize_dot.inl */ = {isa = PBXFileReference; lastKnownFileType = text; path = normalize_dot.inl; sourceTree = "<group>"; };
		045B31BE17E0212E005BC291 /* number_precision.hpp */ = {isa = PBXFileReference; lastKnownFileType = sourcecode.cpp.h; path = number_precision.hpp; sourceTree = "<group>"; };
		045B31BF17E0212E005BC291 /* number_precision.inl */ = {isa = PBXFileReference; lastKnownFileType = text; path = number_precision.inl; sourceTree = "<group>"; };
		045B31C017E0212E005BC291 /* ocl_type.hpp */ = {isa = PBXFileReference; lastKnownFileType = sourcecode.cpp.h; path = ocl_type.hpp; sourceTree = "<group>"; };
		045B31C117E0212E005BC291 /* ocl_type.inl */ = {isa = PBXFileReference; lastKnownFileType = text; path = ocl_type.inl; sourceTree = "<group>"; };
		045B31C217E0212E005BC291 /* optimum_pow.hpp */ = {isa = PBXFileReference; lastKnownFileType = sourcecode.cpp.h; path = optimum_pow.hpp; sourceTree = "<group>"; };
		045B31C317E0212E005BC291 /* optimum_pow.inl */ = {isa = PBXFileReference; lastKnownFileType = text; path = optimum_pow.inl; sourceTree = "<group>"; };
		045B31C417E0212E005BC291 /* orthonormalize.hpp */ = {isa = PBXFileReference; lastKnownFileType = sourcecode.cpp.h; path = orthonormalize.hpp; sourceTree = "<group>"; };
		045B31C517E0212E005BC291 /* orthonormalize.inl */ = {isa = PBXFileReference; lastKnownFileType = text; path = orthonormalize.inl; sourceTree = "<group>"; };
		045B31C617E0212E005BC291 /* perpendicular.hpp */ = {isa = PBXFileReference; lastKnownFileType = sourcecode.cpp.h; path = perpendicular.hpp; sourceTree = "<group>"; };
		045B31C717E0212E005BC291 /* perpendicular.inl */ = {isa = PBXFileReference; lastKnownFileType = text; path = perpendicular.inl; sourceTree = "<group>"; };
		045B31C817E0212E005BC291 /* polar_coordinates.hpp */ = {isa = PBXFileReference; lastKnownFileType = sourcecode.cpp.h; path = polar_coordinates.hpp; sourceTree = "<group>"; };
		045B31C917E0212E005BC291 /* polar_coordinates.inl */ = {isa = PBXFileReference; lastKnownFileType = text; path = polar_coordinates.inl; sourceTree = "<group>"; };
		045B31CA17E0212E005BC291 /* projection.hpp */ = {isa = PBXFileReference; lastKnownFileType = sourcecode.cpp.h; path = projection.hpp; sourceTree = "<group>"; };
		045B31CB17E0212E005BC291 /* projection.inl */ = {isa = PBXFileReference; lastKnownFileType = text; path = projection.inl; sourceTree = "<group>"; };
		045B31CC17E0212E005BC291 /* quaternion.hpp */ = {isa = PBXFileReference; lastKnownFileType = sourcecode.cpp.h; path = quaternion.hpp; sourceTree = "<group>"; };
		045B31CD17E0212E005BC291 /* quaternion.inl */ = {isa = PBXFileReference; lastKnownFileType = text; path = quaternion.inl; sourceTree = "<group>"; };
		045B31CE17E0212E005BC291 /* random.hpp */ = {isa = PBXFileReference; lastKnownFileType = sourcecode.cpp.h; path = random.hpp; sourceTree = "<group>"; };
		045B31CF17E0212E005BC291 /* raw_data.hpp */ = {isa = PBXFileReference; lastKnownFileType = sourcecode.cpp.h; path = raw_data.hpp; sourceTree = "<group>"; };
		045B31D017E0212E005BC291 /* raw_data.inl */ = {isa = PBXFileReference; lastKnownFileType = text; path = raw_data.inl; sourceTree = "<group>"; };
		045B31D117E0212E005BC291 /* reciprocal.hpp */ = {isa = PBXFileReference; lastKnownFileType = sourcecode.cpp.h; path = reciprocal.hpp; sourceTree = "<group>"; };
		045B31D217E0212E005BC291 /* rotate_vector.hpp */ = {isa = PBXFileReference; lastKnownFileType = sourcecode.cpp.h; path = rotate_vector.hpp; sourceTree = "<group>"; };
		045B31D317E0212E005BC291 /* rotate_vector.inl */ = {isa = PBXFileReference; lastKnownFileType = text; path = rotate_vector.inl; sourceTree = "<group>"; };
		045B31D417E0212E005BC291 /* simd_mat4.hpp */ = {isa = PBXFileReference; lastKnownFileType = sourcecode.cpp.h; path = simd_mat4.hpp; sourceTree = "<group>"; };
		045B31D517E0212E005BC291 /* simd_mat4.inl */ = {isa = PBXFileReference; lastKnownFileType = text; path = simd_mat4.inl; sourceTree = "<group>"; };
		045B31D617E0212E005BC291 /* simd_vec4.hpp */ = {isa = PBXFileReference; lastKnownFileType = sourcecode.cpp.h; path = simd_vec4.hpp; sourceTree = "<group>"; };
		045B31D717E0212E005BC291 /* simd_vec4.inl */ = {isa = PBXFileReference; lastKnownFileType = text; path = simd_vec4.inl; sourceTree = "<group>"; };
		045B31D817E0212E005BC291 /* spline.hpp */ = {isa = PBXFileReference; lastKnownFileType = sourcecode.cpp.h; path = spline.hpp; sourceTree = "<group>"; };
		045B31D917E0212E005BC291 /* spline.inl */ = {isa = PBXFileReference; lastKnownFileType = text; path = spline.inl; sourceTree = "<group>"; };
		045B31DA17E0212E005BC291 /* std_based_type.hpp */ = {isa = PBXFileReference; lastKnownFileType = sourcecode.cpp.h; path = std_based_type.hpp; sourceTree = "<group>"; };
		045B31DB17E0212E005BC291 /* std_based_type.inl */ = {isa = PBXFileReference; lastKnownFileType = text; path = std_based_type.inl; sourceTree = "<group>"; };
		045B31DC17E0212E005BC291 /* string_cast.hpp */ = {isa = PBXFileReference; lastKnownFileType = sourcecode.cpp.h; path = string_cast.hpp; sourceTree = "<group>"; };
		045B31DD17E0212E005BC291 /* string_cast.inl */ = {isa = PBXFileReference; lastKnownFileType = text; path = string_cast.inl; sourceTree = "<group>"; };
		045B31DE17E0212E005BC291 /* transform.hpp */ = {isa = PBXFileReference; lastKnownFileType = sourcecode.cpp.h; path = transform.hpp; sourceTree = "<group>"; };
		045B31DF17E0212E005BC291 /* transform.inl */ = {isa = PBXFileReference; lastKnownFileType = text; path = transform.inl; sourceTree = "<group>"; };
		045B31E017E0212E005BC291 /* transform2.hpp */ = {isa = PBXFileReference; lastKnownFileType = sourcecode.cpp.h; path = transform2.hpp; sourceTree = "<group>"; };
		045B31E117E0212E005BC291 /* transform2.inl */ = {isa = PBXFileReference; lastKnownFileType = text; path = transform2.inl; sourceTree = "<group>"; };
		045B31E217E0212E005BC291 /* ulp.hpp */ = {isa = PBXFileReference; lastKnownFileType = sourcecode.cpp.h; path = ulp.hpp; sourceTree = "<group>"; };
		045B31E317E0212E005BC291 /* unsigned_int.hpp */ = {isa = PBXFileReference; lastKnownFileType = sourcecode.cpp.h; path = unsigned_int.hpp; sourceTree = "<group>"; };
		045B31E417E0212E005BC291 /* unsigned_int.inl */ = {isa = PBXFileReference; lastKnownFileType = text; path = unsigned_int.inl; sourceTree = "<group>"; };
		045B31E517E0212E005BC291 /* vec1.hpp */ = {isa = PBXFileReference; lastKnownFileType = sourcecode.cpp.h; path = vec1.hpp; sourceTree = "<group>"; };
		045B31E617E0212E005BC291 /* vec1.inl */ = {isa = PBXFileReference; lastKnownFileType = text; path = vec1.inl; sourceTree = "<group>"; };
		045B31E717E0212E005BC291 /* vector_access.hpp */ = {isa = PBXFileReference; lastKnownFileType = sourcecode.cpp.h; path = vector_access.hpp; sourceTree = "<group>"; };
		045B31E817E0212E005BC291 /* vector_access.inl */ = {isa = PBXFileReference; lastKnownFileType = text; path = vector_access.inl; sourceTree = "<group>"; };
		045B31E917E0212E005BC291 /* vector_angle.hpp */ = {isa = PBXFileReference; lastKnownFileType = sourcecode.cpp.h; path = vector_angle.hpp; sourceTree = "<group>"; };
		045B31EA17E0212E005BC291 /* vector_angle.inl */ = {isa = PBXFileReference; lastKnownFileType = text; path = vector_angle.inl; sourceTree = "<group>"; };
		045B31EB17E0212E005BC291 /* vector_query.hpp */ = {isa = PBXFileReference; lastKnownFileType = sourcecode.cpp.h; path = vector_query.hpp; sourceTree = "<group>"; };
		045B31EC17E0212E005BC291 /* vector_query.inl */ = {isa = PBXFileReference; lastKnownFileType = text; path = vector_query.inl; sourceTree = "<group>"; };
		045B31ED17E0212E005BC291 /* verbose_operator.hpp */ = {isa = PBXFileReference; lastKnownFileType = sourcecode.cpp.h; path = verbose_operator.hpp; sourceTree = "<group>"; };
		045B31EE17E0212E005BC291 /* verbose_operator.inl */ = {isa = PBXFileReference; lastKnownFileType = text; path = verbose_operator.inl; sourceTree = "<group>"; };
		045B31EF17E0212E005BC291 /* wrap.hpp */ = {isa = PBXFileReference; lastKnownFileType = sourcecode.cpp.h; path = wrap.hpp; sourceTree = "<group>"; };
		045B31F017E0212E005BC291 /* wrap.inl */ = {isa = PBXFileReference; lastKnownFileType = text; path = wrap.inl; sourceTree = "<group>"; };
		045B31F217E0212E005BC291 /* xstream.hpp */ = {isa = PBXFileReference; lastKnownFileType = sourcecode.cpp.h; path = xstream.hpp; sourceTree = "<group>"; };
		0478752617DF6B77004D083E /* GLFWTest */ = {isa = PBXFileReference; explicitFileType = "compiled.mach-o.executable"; includeInIndex = 0; path = GLFWTest; sourceTree = BUILT_PRODUCTS_DIR; };
		0478752917DF6B77004D083E /* main.cpp */ = {isa = PBXFileReference; lastKnownFileType = sourcecode.cpp.cpp; path = main.cpp; sourceTree = "<group>"; };
		0478752B17DF6B77004D083E /* GLFWTest.1 */ = {isa = PBXFileReference; lastKnownFileType = text.man; path = GLFWTest.1; sourceTree = "<group>"; };
		0478753217DF6C51004D083E /* libglfw3.a */ = {isa = PBXFileReference; lastKnownFileType = archive.ar; name = libglfw3.a; path = /usr/local/lib/libglfw3.a; sourceTree = "<absolute>"; };
		0478753517DF6CE8004D083E /* Foundation.framework */ = {isa = PBXFileReference; lastKnownFileType = wrapper.framework; name = Foundation.framework; path = System/Library/Frameworks/Foundation.framework; sourceTree = SDKROOT; };
		0478753717DF6D10004D083E /* Quartz.framework */ = {isa = PBXFileReference; lastKnownFileType = wrapper.framework; name = Quartz.framework; path = System/Library/Frameworks/Quartz.framework; sourceTree = SDKROOT; };
		0478753917DF6D1D004D083E /* ApplicationServices.framework */ = {isa = PBXFileReference; lastKnownFileType = wrapper.framework; name = ApplicationServices.framework; path = System/Library/Frameworks/ApplicationServices.framework; sourceTree = SDKROOT; };
		0478753B17DF6D88004D083E /* AppKit.framework */ = {isa = PBXFileReference; lastKnownFileType = wrapper.framework; name = AppKit.framework; path = System/Library/Frameworks/AppKit.framework; sourceTree = SDKROOT; };
		0478753D17DF6D96004D083E /* GLKit.framework */ = {isa = PBXFileReference; lastKnownFileType = wrapper.framework; name = GLKit.framework; path = System/Library/Frameworks/GLKit.framework; sourceTree = SDKROOT; };
		0478753F17DF6D9B004D083E /* GLUT.framework */ = {isa = PBXFileReference; lastKnownFileType = wrapper.framework; name = GLUT.framework; path = System/Library/Frameworks/GLUT.framework; sourceTree = SDKROOT; };
		0478754117DF6DB1004D083E /* IOKit.framework */ = {isa = PBXFileReference; lastKnownFileType = wrapper.framework; name = IOKit.framework; path = System/Library/Frameworks/IOKit.framework; sourceTree = SDKROOT; };
		0478754517DF6DFC004D083E /* OpenGL.framework */ = {isa = PBXFileReference; lastKnownFileType = wrapper.framework; name = OpenGL.framework; path = System/Library/Frameworks/OpenGL.framework; sourceTree = SDKROOT; };
		0478754917DF8973004D083E /* shader.v.glsl */ = {isa = PBXFileReference; explicitFileType = sourcecode.glsl; path = shader.v.glsl; sourceTree = "<group>"; };
		0478754A17DF8A78004D083E /* shader.f.glsl */ = {isa = PBXFileReference; explicitFileType = sourcecode.glsl; path = shader.f.glsl; sourceTree = "<group>"; };
		0478754E17DFE540004D083E /* libGLEW.a */ = {isa = PBXFileReference; lastKnownFileType = archive.ar; name = libGLEW.a; path = ../../../../../../../usr/local/Cellar/glew/1.9.0/lib/libGLEW.a; sourceTree = "<group>"; };
		0478755117E00554004D083E /* tile.tga */ = {isa = PBXFileReference; lastKnownFileType = file; name = tile.tga; path = GLFWTest/tile.tga; sourceTree = "<group>"; };
		04C6C66B17E0AC8900592AE9 /* glfw3.h */ = {isa = PBXFileReference; lastKnownFileType = sourcecode.c.h; path = glfw3.h; sourceTree = "<group>"; };
		04C6C66C17E0AC8900592AE9 /* glfw3native.h */ = {isa = PBXFileReference; lastKnownFileType = sourcecode.c.h; path = glfw3native.h; sourceTree = "<group>"; };
		04C6C66D17E0AC8900592AE9 /* libglfw3.a */ = {isa = PBXFileReference; lastKnownFileType = archive.ar; path = libglfw3.a; sourceTree = "<group>"; };
/* End PBXFileReference section */

/* Begin PBXFrameworksBuildPhase section */
		0478752317DF6B77004D083E /* Frameworks */ = {
			isa = PBXFrameworksBuildPhase;
			buildActionMask = 2147483647;
			files = (
				0478754F17DFE540004D083E /* libGLEW.a in Frameworks */,
				0478754617DF6DFC004D083E /* OpenGL.framework in Frameworks */,
				0478754417DF6DF5004D083E /* GLKit.framework in Frameworks */,
				0478754317DF6DEE004D083E /* GLUT.framework in Frameworks */,
				0478754217DF6DB1004D083E /* IOKit.framework in Frameworks */,
				0478753C17DF6D88004D083E /* AppKit.framework in Frameworks */,
				0478753A17DF6D1D004D083E /* ApplicationServices.framework in Frameworks */,
				0478753617DF6CE8004D083E /* Foundation.framework in Frameworks */,
				04C6C66E17E0AC9D00592AE9 /* libglfw3.a in Frameworks */,
			);
			runOnlyForDeploymentPostprocessing = 0;
		};
/* End PBXFrameworksBuildPhase section */

/* Begin PBXGroup section */
		045B310D17E0212E005BC291 /* glm */ = {
			isa = PBXGroup;
			children = (
				045B310E17E0212E005BC291 /* CMakeLists.txt */,
				045B310F17E0212E005BC291 /* core */,
				045B315C17E0212E005BC291 /* ext.hpp */,
				045B315D17E0212E005BC291 /* glm.hpp */,
				045B315E17E0212E005BC291 /* gtc */,
				045B317C17E0212E005BC291 /* gtx */,
				045B31F117E0212E005BC291 /* virtrev */,
			);
			name = glm;
			path = GLFWTest/libs/glm;
			sourceTree = "<group>";
		};
		045B310F17E0212E005BC291 /* core */ = {
			isa = PBXGroup;
			children = (
				045B311017E0212E005BC291 /* _detail.hpp */,
				045B311117E0212E005BC291 /* _fixes.hpp */,
				045B311217E0212E005BC291 /* _swizzle.hpp */,
				045B311317E0212E005BC291 /* _swizzle_func.hpp */,
				045B311417E0212E005BC291 /* _vectorize.hpp */,
				045B311517E0212E005BC291 /* dummy.cpp */,
				045B311617E0212E005BC291 /* func_common.hpp */,
				045B311717E0212E005BC291 /* func_common.inl */,
				045B311817E0212E005BC291 /* func_exponential.hpp */,
				045B311917E0212E005BC291 /* func_exponential.inl */,
				045B311A17E0212E005BC291 /* func_geometric.hpp */,
				045B311B17E0212E005BC291 /* func_geometric.inl */,
				045B311C17E0212E005BC291 /* func_integer.hpp */,
				045B311D17E0212E005BC291 /* func_integer.inl */,
				045B311E17E0212E005BC291 /* func_matrix.hpp */,
				045B311F17E0212E005BC291 /* func_matrix.inl */,
				045B312017E0212E005BC291 /* func_noise.hpp */,
				045B312117E0212E005BC291 /* func_noise.inl */,
				045B312217E0212E005BC291 /* func_packing.hpp */,
				045B312317E0212E005BC291 /* func_packing.inl */,
				045B312417E0212E005BC291 /* func_trigonometric.hpp */,
				045B312517E0212E005BC291 /* func_trigonometric.inl */,
				045B312617E0212E005BC291 /* func_vector_relational.hpp */,
				045B312717E0212E005BC291 /* func_vector_relational.inl */,
				045B312817E0212E005BC291 /* hint.hpp */,
				045B312917E0212E005BC291 /* intrinsic_common.hpp */,
				045B312A17E0212E005BC291 /* intrinsic_common.inl */,
				045B312B17E0212E005BC291 /* intrinsic_exponential.hpp */,
				045B312C17E0212E005BC291 /* intrinsic_exponential.inl */,
				045B312D17E0212E005BC291 /* intrinsic_geometric.hpp */,
				045B312E17E0212E005BC291 /* intrinsic_geometric.inl */,
				045B312F17E0212E005BC291 /* intrinsic_matrix.hpp */,
				045B313017E0212E005BC291 /* intrinsic_matrix.inl */,
				045B313117E0212E005BC291 /* intrinsic_trigonometric.hpp */,
				045B313217E0212E005BC291 /* intrinsic_trigonometric.inl */,
				045B313317E0212E005BC291 /* intrinsic_vector_relational.hpp */,
				045B313417E0212E005BC291 /* intrinsic_vector_relational.inl */,
				045B313517E0212E005BC291 /* setup.hpp */,
				045B313617E0212E005BC291 /* type.hpp */,
				045B313717E0212E005BC291 /* type_float.hpp */,
				045B313817E0212E005BC291 /* type_gentype.hpp */,
				045B313917E0212E005BC291 /* type_gentype.inl */,
				045B313A17E0212E005BC291 /* type_half.hpp */,
				045B313B17E0212E005BC291 /* type_half.inl */,
				045B313C17E0212E005BC291 /* type_int.hpp */,
				045B313D17E0212E005BC291 /* type_mat.hpp */,
				045B313E17E0212E005BC291 /* type_mat.inl */,
				045B313F17E0212E005BC291 /* type_mat2x2.hpp */,
				045B314017E0212E005BC291 /* type_mat2x2.inl */,
				045B314117E0212E005BC291 /* type_mat2x3.hpp */,
				045B314217E0212E005BC291 /* type_mat2x3.inl */,
				045B314317E0212E005BC291 /* type_mat2x4.hpp */,
				045B314417E0212E005BC291 /* type_mat2x4.inl */,
				045B314517E0212E005BC291 /* type_mat3x2.hpp */,
				045B314617E0212E005BC291 /* type_mat3x2.inl */,
				045B314717E0212E005BC291 /* type_mat3x3.hpp */,
				045B314817E0212E005BC291 /* type_mat3x3.inl */,
				045B314917E0212E005BC291 /* type_mat3x4.hpp */,
				045B314A17E0212E005BC291 /* type_mat3x4.inl */,
				045B314B17E0212E005BC291 /* type_mat4x2.hpp */,
				045B314C17E0212E005BC291 /* type_mat4x2.inl */,
				045B314D17E0212E005BC291 /* type_mat4x3.hpp */,
				045B314E17E0212E005BC291 /* type_mat4x3.inl */,
				045B314F17E0212E005BC291 /* type_mat4x4.hpp */,
				045B315017E0212E005BC291 /* type_mat4x4.inl */,
				045B315117E0212E005BC291 /* type_size.hpp */,
				045B315217E0212E005BC291 /* type_vec.hpp */,
				045B315317E0212E005BC291 /* type_vec.inl */,
				045B315417E0212E005BC291 /* type_vec1.hpp */,
				045B315517E0212E005BC291 /* type_vec1.inl */,
				045B315617E0212E005BC291 /* type_vec2.hpp */,
				045B315717E0212E005BC291 /* type_vec2.inl */,
				045B315817E0212E005BC291 /* type_vec3.hpp */,
				045B315917E0212E005BC291 /* type_vec3.inl */,
				045B315A17E0212E005BC291 /* type_vec4.hpp */,
				045B315B17E0212E005BC291 /* type_vec4.inl */,
			);
			path = core;
			sourceTree = "<group>";
		};
		045B315E17E0212E005BC291 /* gtc */ = {
			isa = PBXGroup;
			children = (
				045B315F17E0212E005BC291 /* constants.hpp */,
				045B316017E0212E005BC291 /* constants.inl */,
				045B316117E0212E005BC291 /* epsilon.hpp */,
				045B316217E0212E005BC291 /* epsilon.inl */,
				045B316317E0212E005BC291 /* half_float.hpp */,
				045B316417E0212E005BC291 /* half_float.inl */,
				045B316517E0212E005BC291 /* matrix_access.hpp */,
				045B316617E0212E005BC291 /* matrix_access.inl */,
				045B316717E0212E005BC291 /* matrix_integer.hpp */,
				045B316817E0212E005BC291 /* matrix_inverse.hpp */,
				045B316917E0212E005BC291 /* matrix_inverse.inl */,
				045B316A17E0212E005BC291 /* matrix_transform.hpp */,
				045B316B17E0212E005BC291 /* matrix_transform.inl */,
				045B316C17E0212E005BC291 /* noise.hpp */,
				045B316D17E0212E005BC291 /* noise.inl */,
				045B316E17E0212E005BC291 /* quaternion.hpp */,
				045B316F17E0212E005BC291 /* quaternion.inl */,
				045B317017E0212E005BC291 /* random.hpp */,
				045B317117E0212E005BC291 /* random.inl */,
				045B317217E0212E005BC291 /* reciprocal.hpp */,
				045B317317E0212E005BC291 /* reciprocal.inl */,
				045B317417E0212E005BC291 /* swizzle.hpp */,
				045B317517E0212E005BC291 /* swizzle.inl */,
				045B317617E0212E005BC291 /* type_precision.hpp */,
				045B317717E0212E005BC291 /* type_precision.inl */,
				045B317817E0212E005BC291 /* type_ptr.hpp */,
				045B317917E0212E005BC291 /* type_ptr.inl */,
				045B317A17E0212E005BC291 /* ulp.hpp */,
				045B317B17E0212E005BC291 /* ulp.inl */,
			);
			path = gtc;
			sourceTree = "<group>";
		};
		045B317C17E0212E005BC291 /* gtx */ = {
			isa = PBXGroup;
			children = (
				045B317D17E0212E005BC291 /* associated_min_max.hpp */,
				045B317E17E0212E005BC291 /* associated_min_max.inl */,
				045B317F17E0212E005BC291 /* bit.hpp */,
				045B318017E0212E005BC291 /* bit.inl */,
				045B318117E0212E005BC291 /* closest_point.hpp */,
				045B318217E0212E005BC291 /* closest_point.inl */,
				045B318317E0212E005BC291 /* color_cast.hpp */,
				045B318417E0212E005BC291 /* color_cast.inl */,
				045B318517E0212E005BC291 /* color_space.hpp */,
				045B318617E0212E005BC291 /* color_space.inl */,
				045B318717E0212E005BC291 /* color_space_YCoCg.hpp */,
				045B318817E0212E005BC291 /* color_space_YCoCg.inl */,
				045B318917E0212E005BC291 /* compatibility.hpp */,
				045B318A17E0212E005BC291 /* compatibility.inl */,
				045B318B17E0212E005BC291 /* component_wise.hpp */,
				045B318C17E0212E005BC291 /* component_wise.inl */,
				045B318D17E0212E005BC291 /* constants.hpp */,
				045B318E17E0212E005BC291 /* epsilon.hpp */,
				045B318F17E0212E005BC291 /* euler_angles.hpp */,
				045B319017E0212E005BC291 /* euler_angles.inl */,
				045B319117E0212E005BC291 /* extend.hpp */,
				045B319217E0212E005BC291 /* extend.inl */,
				045B319317E0212E005BC291 /* extented_min_max.hpp */,
				045B319417E0212E005BC291 /* extented_min_max.inl */,
				045B319517E0212E005BC291 /* fast_exponential.hpp */,
				045B319617E0212E005BC291 /* fast_exponential.inl */,
				045B319717E0212E005BC291 /* fast_square_root.hpp */,
				045B319817E0212E005BC291 /* fast_square_root.inl */,
				045B319917E0212E005BC291 /* fast_trigonometry.hpp */,
				045B319A17E0212E005BC291 /* fast_trigonometry.inl */,
				045B319B17E0212E005BC291 /* gradient_paint.hpp */,
				045B319C17E0212E005BC291 /* gradient_paint.inl */,
				045B319D17E0212E005BC291 /* handed_coordinate_space.hpp */,
				045B319E17E0212E005BC291 /* handed_coordinate_space.inl */,
				045B319F17E0212E005BC291 /* inertia.hpp */,
				045B31A017E0212E005BC291 /* inertia.inl */,
				045B31A117E0212E005BC291 /* int_10_10_10_2.hpp */,
				045B31A217E0212E005BC291 /* int_10_10_10_2.inl */,
				045B31A317E0212E005BC291 /* integer.hpp */,
				045B31A417E0212E005BC291 /* integer.inl */,
				045B31A517E0212E005BC291 /* intersect.hpp */,
				045B31A617E0212E005BC291 /* intersect.inl */,
				045B31A717E0212E005BC291 /* log_base.hpp */,
				045B31A817E0212E005BC291 /* log_base.inl */,
				045B31A917E0212E005BC291 /* matrix_cross_product.hpp */,
				045B31AA17E0212E005BC291 /* matrix_cross_product.inl */,
				045B31AB17E0212E005BC291 /* matrix_interpolation.hpp */,
				045B31AC17E0212E005BC291 /* matrix_interpolation.inl */,
				045B31AD17E0212E005BC291 /* matrix_major_storage.hpp */,
				045B31AE17E0212E005BC291 /* matrix_major_storage.inl */,
				045B31AF17E0212E005BC291 /* matrix_operation.hpp */,
				045B31B017E0212E005BC291 /* matrix_operation.inl */,
				045B31B117E0212E005BC291 /* matrix_query.hpp */,
				045B31B217E0212E005BC291 /* matrix_query.inl */,
				045B31B317E0212E005BC291 /* mixed_product.hpp */,
				045B31B417E0212E005BC291 /* mixed_product.inl */,
				045B31B517E0212E005BC291 /* multiple.hpp */,
				045B31B617E0212E005BC291 /* multiple.inl */,
				045B31B717E0212E005BC291 /* noise.hpp */,
				045B31B817E0212E005BC291 /* norm.hpp */,
				045B31B917E0212E005BC291 /* norm.inl */,
				045B31BA17E0212E005BC291 /* normal.hpp */,
				045B31BB17E0212E005BC291 /* normal.inl */,
				045B31BC17E0212E005BC291 /* normalize_dot.hpp */,
				045B31BD17E0212E005BC291 /* normalize_dot.inl */,
				045B31BE17E0212E005BC291 /* number_precision.hpp */,
				045B31BF17E0212E005BC291 /* number_precision.inl */,
				045B31C017E0212E005BC291 /* ocl_type.hpp */,
				045B31C117E0212E005BC291 /* ocl_type.inl */,
				045B31C217E0212E005BC291 /* optimum_pow.hpp */,
				045B31C317E0212E005BC291 /* optimum_pow.inl */,
				045B31C417E0212E005BC291 /* orthonormalize.hpp */,
				045B31C517E0212E005BC291 /* orthonormalize.inl */,
				045B31C617E0212E005BC291 /* perpendicular.hpp */,
				045B31C717E0212E005BC291 /* perpendicular.inl */,
				045B31C817E0212E005BC291 /* polar_coordinates.hpp */,
				045B31C917E0212E005BC291 /* polar_coordinates.inl */,
				045B31CA17E0212E005BC291 /* projection.hpp */,
				045B31CB17E0212E005BC291 /* projection.inl */,
				045B31CC17E0212E005BC291 /* quaternion.hpp */,
				045B31CD17E0212E005BC291 /* quaternion.inl */,
				045B31CE17E0212E005BC291 /* random.hpp */,
				045B31CF17E0212E005BC291 /* raw_data.hpp */,
				045B31D017E0212E005BC291 /* raw_data.inl */,
				045B31D117E0212E005BC291 /* reciprocal.hpp */,
				045B31D217E0212E005BC291 /* rotate_vector.hpp */,
				045B31D317E0212E005BC291 /* rotate_vector.inl */,
				045B31D417E0212E005BC291 /* simd_mat4.hpp */,
				045B31D517E0212E005BC291 /* simd_mat4.inl */,
				045B31D617E0212E005BC291 /* simd_vec4.hpp */,
				045B31D717E0212E005BC291 /* simd_vec4.inl */,
				045B31D817E0212E005BC291 /* spline.hpp */,
				045B31D917E0212E005BC291 /* spline.inl */,
				045B31DA17E0212E005BC291 /* std_based_type.hpp */,
				045B31DB17E0212E005BC291 /* std_based_type.inl */,
				045B31DC17E0212E005BC291 /* string_cast.hpp */,
				045B31DD17E0212E005BC291 /* string_cast.inl */,
				045B31DE17E0212E005BC291 /* transform.hpp */,
				045B31DF17E0212E005BC291 /* transform.inl */,
				045B31E017E0212E005BC291 /* transform2.hpp */,
				045B31E117E0212E005BC291 /* transform2.inl */,
				045B31E217E0212E005BC291 /* ulp.hpp */,
				045B31E317E0212E005BC291 /* unsigned_int.hpp */,
				045B31E417E0212E005BC291 /* unsigned_int.inl */,
				045B31E517E0212E005BC291 /* vec1.hpp */,
				045B31E617E0212E005BC291 /* vec1.inl */,
				045B31E717E0212E005BC291 /* vector_access.hpp */,
				045B31E817E0212E005BC291 /* vector_access.inl */,
				045B31E917E0212E005BC291 /* vector_angle.hpp */,
				045B31EA17E0212E005BC291 /* vector_angle.inl */,
				045B31EB17E0212E005BC291 /* vector_query.hpp */,
				045B31EC17E0212E005BC291 /* vector_query.inl */,
				045B31ED17E0212E005BC291 /* verbose_operator.hpp */,
				045B31EE17E0212E005BC291 /* verbose_operator.inl */,
				045B31EF17E0212E005BC291 /* wrap.hpp */,
				045B31F017E0212E005BC291 /* wrap.inl */,
			);
			path = gtx;
			sourceTree = "<group>";
		};
		045B31F117E0212E005BC291 /* virtrev */ = {
			isa = PBXGroup;
			children = (
				045B31F217E0212E005BC291 /* xstream.hpp */,
			);
			path = virtrev;
			sourceTree = "<group>";
		};
		0478751D17DF6B77004D083E = {
			isa = PBXGroup;
			children = (
				0478754E17DFE540004D083E /* libGLEW.a */,
				0478754717DF88F7004D083E /* Shaders */,
				0478755017E00549004D083E /* Textures */,
				0478752817DF6B77004D083E /* GLFWTest */,
				0478753417DF6C6B004D083E /* libs */,
				0478752717DF6B77004D083E /* Products */,
			);
			sourceTree = "<group>";
		};
		0478752717DF6B77004D083E /* Products */ = {
			isa = PBXGroup;
			children = (
				0478752617DF6B77004D083E /* GLFWTest */,
			);
			name = Products;
			sourceTree = "<group>";
		};
		0478752817DF6B77004D083E /* GLFWTest */ = {
			isa = PBXGroup;
			children = (
				0478752917DF6B77004D083E /* main.cpp */,
				0478752B17DF6B77004D083E /* GLFWTest.1 */,
			);
			path = GLFWTest;
			sourceTree = "<group>";
		};
		0478753417DF6C6B004D083E /* libs */ = {
			isa = PBXGroup;
			children = (
				04C6C66A17E0AC8900592AE9 /* glfw */,
				045B310D17E0212E005BC291 /* glm */,
				0478754517DF6DFC004D083E /* OpenGL.framework */,
				0478754117DF6DB1004D083E /* IOKit.framework */,
				0478753F17DF6D9B004D083E /* GLUT.framework */,
				0478753D17DF6D96004D083E /* GLKit.framework */,
				0478753B17DF6D88004D083E /* AppKit.framework */,
				0478753917DF6D1D004D083E /* ApplicationServices.framework */,
				0478753717DF6D10004D083E /* Quartz.framework */,
				0478753517DF6CE8004D083E /* Foundation.framework */,
				0478753217DF6C51004D083E /* libglfw3.a */,
			);
			name = libs;
			sourceTree = "<group>";
		};
		0478754717DF88F7004D083E /* Shaders */ = {
			isa = PBXGroup;
			children = (
				0478754917DF8973004D083E /* shader.v.glsl */,
				0478754A17DF8A78004D083E /* shader.f.glsl */,
			);
			name = Shaders;
			path = GLFWTest;
			sourceTree = "<group>";
		};
		0478755017E00549004D083E /* Textures */ = {
			isa = PBXGroup;
			children = (
				0478755117E00554004D083E /* tile.tga */,
			);
			name = Textures;
			sourceTree = "<group>";
		};
		04C6C66A17E0AC8900592AE9 /* glfw */ = {
			isa = PBXGroup;
			children = (
				04C6C66B17E0AC8900592AE9 /* glfw3.h */,
				04C6C66C17E0AC8900592AE9 /* glfw3native.h */,
				04C6C66D17E0AC8900592AE9 /* libglfw3.a */,
			);
			name = glfw;
			path = GLFWTest/libs/glfw;
			sourceTree = "<group>";
		};
/* End PBXGroup section */

/* Begin PBXNativeTarget section */
		0478752517DF6B77004D083E /* GLFWTest */ = {
			isa = PBXNativeTarget;
			buildConfigurationList = 0478752F17DF6B77004D083E /* Build configuration list for PBXNativeTarget "GLFWTest" */;
			buildPhases = (
				0478752217DF6B77004D083E /* Sources */,
				0478752317DF6B77004D083E /* Frameworks */,
				0478752417DF6B77004D083E /* CopyFiles */,
				0478754B17DF8AC7004D083E /* CopyFiles */,
			);
			buildRules = (
			);
			dependencies = (
			);
			name = GLFWTest;
			productName = GLFWTest;
			productReference = 0478752617DF6B77004D083E /* GLFWTest */;
			productType = "com.apple.product-type.tool";
		};
/* End PBXNativeTarget section */

/* Begin PBXProject section */
		0478751E17DF6B77004D083E /* Project object */ = {
			isa = PBXProject;
			attributes = {
				LastUpgradeCheck = 0460;
				ORGANIZATIONNAME = Jack;
			};
			buildConfigurationList = 0478752117DF6B77004D083E /* Build configuration list for PBXProject "GLFWTest" */;
			compatibilityVersion = "Xcode 3.2";
			developmentRegion = English;
			hasScannedForEncodings = 0;
			knownRegions = (
				en,
			);
			mainGroup = 0478751D17DF6B77004D083E;
			productRefGroup = 0478752717DF6B77004D083E /* Products */;
			projectDirPath = "";
			projectRoot = "";
			targets = (
				0478752517DF6B77004D083E /* GLFWTest */,
			);
		};
/* End PBXProject section */

/* Begin PBXSourcesBuildPhase section */
		0478752217DF6B77004D083E /* Sources */ = {
			isa = PBXSourcesBuildPhase;
			buildActionMask = 2147483647;
			files = (
				0478752A17DF6B77004D083E /* main.cpp in Sources */,
			);
			runOnlyForDeploymentPostprocessing = 0;
		};
/* End PBXSourcesBuildPhase section */

/* Begin XCBuildConfiguration section */
		0478752D17DF6B77004D083E /* Debug */ = {
			isa = XCBuildConfiguration;
			buildSettings = {
				ALWAYS_SEARCH_USER_PATHS = NO;
				ARCHS = "$(ARCHS_STANDARD_64_BIT)";
				CLANG_CXX_LANGUAGE_STANDARD = "gnu++0x";
				CLANG_CXX_LIBRARY = "libc++";
				CLANG_WARN_CONSTANT_CONVERSION = YES;
				CLANG_WARN_EMPTY_BODY = YES;
				CLANG_WARN_ENUM_CONVERSION = YES;
				CLANG_WARN_INT_CONVERSION = YES;
				CLANG_WARN__DUPLICATE_METHOD_MATCH = YES;
				COPY_PHASE_STRIP = NO;
				GCC_C_LANGUAGE_STANDARD = gnu99;
				GCC_DYNAMIC_NO_PIC = NO;
				GCC_ENABLE_OBJC_EXCEPTIONS = YES;
				GCC_OPTIMIZATION_LEVEL = 0;
				GCC_PREPROCESSOR_DEFINITIONS = (
					"DEBUG=1",
					"$(inherited)",
				);
				GCC_SYMBOLS_PRIVATE_EXTERN = NO;
				GCC_WARN_64_TO_32_BIT_CONVERSION = YES;
				GCC_WARN_ABOUT_RETURN_TYPE = YES;
				GCC_WARN_UNINITIALIZED_AUTOS = YES;
				GCC_WARN_UNUSED_VARIABLE = YES;
				HEADER_SEARCH_PATHS = /usr/local/include;
				LIBRARY_SEARCH_PATHS = /usr/local/lib;
				MACOSX_DEPLOYMENT_TARGET = 10.8;
				ONLY_ACTIVE_ARCH = YES;
				SDKROOT = macosx;
			};
			name = Debug;
		};
		0478752E17DF6B77004D083E /* Release */ = {
			isa = XCBuildConfiguration;
			buildSettings = {
				ALWAYS_SEARCH_USER_PATHS = NO;
				ARCHS = "$(ARCHS_STANDARD_64_BIT)";
				CLANG_CXX_LANGUAGE_STANDARD = "gnu++0x";
				CLANG_CXX_LIBRARY = "libc++";
				CLANG_WARN_CONSTANT_CONVERSION = YES;
				CLANG_WARN_EMPTY_BODY = YES;
				CLANG_WARN_ENUM_CONVERSION = YES;
				CLANG_WARN_INT_CONVERSION = YES;
				CLANG_WARN__DUPLICATE_METHOD_MATCH = YES;
				COPY_PHASE_STRIP = YES;
				DEBUG_INFORMATION_FORMAT = "dwarf-with-dsym";
				GCC_C_LANGUAGE_STANDARD = gnu99;
				GCC_ENABLE_OBJC_EXCEPTIONS = YES;
				GCC_WARN_64_TO_32_BIT_CONVERSION = YES;
				GCC_WARN_ABOUT_RETURN_TYPE = YES;
				GCC_WARN_UNINITIALIZED_AUTOS = YES;
				GCC_WARN_UNUSED_VARIABLE = YES;
				HEADER_SEARCH_PATHS = /usr/local/include;
				LIBRARY_SEARCH_PATHS = /usr/local/lib;
				MACOSX_DEPLOYMENT_TARGET = 10.8;
				SDKROOT = macosx;
			};
			name = Release;
		};
		0478753017DF6B77004D083E /* Debug */ = {
			isa = XCBuildConfiguration;
			buildSettings = {
				LIBRARY_SEARCH_PATHS = (
					"$(inherited)",
					/usr/local/Cellar/glew/1.9.0/lib,
					"\"$(SRCROOT)/GLFWTest/libs/glfw\"",
				);
				PRODUCT_NAME = "$(TARGET_NAME)";
				SDKROOT = "";
			};
			name = Debug;
		};
		0478753117DF6B77004D083E /* Release */ = {
			isa = XCBuildConfiguration;
			buildSettings = {
				LIBRARY_SEARCH_PATHS = (
					"$(inherited)",
					/usr/local/Cellar/glew/1.9.0/lib,
					"\"$(SRCROOT)/GLFWTest/libs/glfw\"",
				);
				PRODUCT_NAME = "$(TARGET_NAME)";
				SDKROOT = "";
			};
			name = Release;
		};
/* End XCBuildConfiguration section */

/* Begin XCConfigurationList section */
		0478752117DF6B77004D083E /* Build configuration list for PBXProject "GLFWTest" */ = {
			isa = XCConfigurationList;
			buildConfigurations = (
				0478752D17DF6B77004D083E /* Debug */,
				0478752E17DF6B77004D083E /* Release */,
			);
			defaultConfigurationIsVisible = 0;
			defaultConfigurationName = Release;
		};
		0478752F17DF6B77004D083E /* Build configuration list for PBXNativeTarget "GLFWTest" */ = {
			isa = XCConfigurationList;
			buildConfigurations = (
				0478753017DF6B77004D083E /* Debug */,
				0478753117DF6B77004D083E /* Release */,
			);
			defaultConfigurationIsVisible = 0;
			defaultConfigurationName = Release;
		};
/* End XCConfigurationList section */
	};
	rootObject = 0478751E17DF6B77004D083E /* Project object */;
}
